
Microsoft Visual Studio Solution File, Format Version 12.00
# Visual Studio 2013
VisualStudioVersion = 12.0.31101.0
MinimumVisualStudioVersion = 10.0.40219.1
Project("{2150E333-8FDC-42A3-9474-1A3956D46DE8}") = "Engine", "Engine", "{00AF8C4E-FF39-44D6-A72E-0D4F9D5AFD16}"
EndProject
Project("{2150E333-8FDC-42A3-9474-1A3956D46DE8}") = "Games", "Games", "{A8C3EFD1-166B-4A46-841F-00EDF3BB7AC5}"
EndProject
Project("{8BC9CEB8-8B4A-11D0-8D11-00A0C91BC942}") = "StealthDemo", "Intermediate\ProjectFiles\StealthDemo.vcxproj", "{8D8E1E5C-CF45-425F-A1CB-9BC2A865372C}"
EndProject
Project("{8BC9CEB8-8B4A-11D0-8D11-00A0C91BC942}") = "UE4", "Intermediate\ProjectFiles\UE4.vcxproj", "{21057C5D-8259-42DD-AE35-026339D8B59A}"
EndProject
Global
	GlobalSection(SolutionConfigurationPlatforms) = preSolution
		DebugGame Editor|Windows = DebugGame Editor|Windows
		DebugGame|Windows = DebugGame|Windows
		Development Editor|Windows = Development Editor|Windows
		Development|Windows = Development|Windows
		Shipping|Windows = Shipping|Windows
	EndGlobalSection
	GlobalSection(ProjectConfigurationPlatforms) = postSolution
		{8D8E1E5C-CF45-425F-A1CB-9BC2A865372C}.DebugGame Editor|Windows.ActiveCfg = DebugGame_Editor|x64
		{8D8E1E5C-CF45-425F-A1CB-9BC2A865372C}.DebugGame Editor|Windows.Build.0 = DebugGame_Editor|x64
		{8D8E1E5C-CF45-425F-A1CB-9BC2A865372C}.DebugGame|Windows.ActiveCfg = DebugGame_Game|x64
		{8D8E1E5C-CF45-425F-A1CB-9BC2A865372C}.DebugGame|Windows.Build.0 = DebugGame_Game|x64
		{8D8E1E5C-CF45-425F-A1CB-9BC2A865372C}.Development Editor|Windows.ActiveCfg = Development_Editor|x64
		{8D8E1E5C-CF45-425F-A1CB-9BC2A865372C}.Development Editor|Windows.Build.0 = Development_Editor|x64
		{8D8E1E5C-CF45-425F-A1CB-9BC2A865372C}.Development|Windows.ActiveCfg = Development_Game|x64
		{8D8E1E5C-CF45-425F-A1CB-9BC2A865372C}.Development|Windows.Build.0 = Development_Game|x64
		{8D8E1E5C-CF45-425F-A1CB-9BC2A865372C}.Shipping|Windows.ActiveCfg = Shipping_Game|Win32
		{8D8E1E5C-CF45-425F-A1CB-9BC2A865372C}.Shipping|Windows.Build.0 = Shipping_Game|Win32
		{21057C5D-8259-42DD-AE35-026339D8B59A}.DebugGame Editor|Windows.ActiveCfg = BuiltWithUnrealBuildTool|Win32
		{21057C5D-8259-42DD-AE35-026339D8B59A}.DebugGame|Windows.ActiveCfg = BuiltWithUnrealBuildTool|Win32
		{21057C5D-8259-42DD-AE35-026339D8B59A}.Development Editor|Windows.ActiveCfg = BuiltWithUnrealBuildTool|Win32
		{21057C5D-8259-42DD-AE35-026339D8B59A}.Development|Windows.ActiveCfg = BuiltWithUnrealBuildTool|Win32
		{21057C5D-8259-42DD-AE35-026339D8B59A}.Shipping|Windows.ActiveCfg = BuiltWithUnrealBuildTool|Win32
	EndGlobalSection
	GlobalSection(SolutionProperties) = preSolution
		HideSolutionNode = FALSE
	EndGlobalSection
	GlobalSection(NestedProjects) = preSolution
		{8D8E1E5C-CF45-425F-A1CB-9BC2A865372C} = {A8C3EFD1-166B-4A46-841F-00EDF3BB7AC5}
		{21057C5D-8259-42DD-AE35-026339D8B59A} = {00AF8C4E-FF39-44D6-A72E-0D4F9D5AFD16}
	EndGlobalSection
EndGlobal
